
Microsoft Visual Studio Solution File, Format Version 12.00
# Visual Studio 15
VisualStudioVersion = 15.0.27130.2020
MinimumVisualStudioVersion = 10.0.40219.1
Project("{FAE04EC0-301F-11D3-BF4B-00C04F79EFBC}") = "MASTERMIND", "MASTERMIND\MASTERMIND.csproj", "{93C33DCF-F5F0-4AC9-AFC5-D602860C557F}"
EndProject
Global
	GlobalSection(SolutionConfigurationPlatforms) = preSolution
		Debug|Any CPU = Debug|Any CPU
		Release|Any CPU = Release|Any CPU
	EndGlobalSection
	GlobalSection(ProjectConfigurationPlatforms) = postSolution
		{93C33DCF-F5F0-4AC9-AFC5-D602860C557F}.Debug|Any CPU.ActiveCfg = Debug|Any CPU
		{93C33DCF-F5F0-4AC9-AFC5-D602860C557F}.Debug|Any CPU.Build.0 = Debug|Any CPU
		{93C33DCF-F5F0-4AC9-AFC5-D602860C557F}.Release|Any CPU.ActiveCfg = Release|Any CPU
		{93C33DCF-F5F0-4AC9-AFC5-D602860C557F}.Release|Any CPU.Build.0 = Release|Any CPU
	EndGlobalSection
	GlobalSection(SolutionProperties) = preSolution
		HideSolutionNode = FALSE
	EndGlobalSection
	GlobalSection(ExtensibilityGlobals) = postSolution
		SolutionGuid = {1C963A15-5CB7-42EB-8AC9-2B1D944EAA08}
	EndGlobalSection
EndGlobal
